
Microsoft Visual Studio Solution File, Format Version 12.00
# Visual Studio Version 17
VisualStudioVersion = 17.5.33424.131
MinimumVisualStudioVersion = 10.0.40219.1
Project("{FAE04EC0-301F-11D3-BF4B-00C04F79EFBC}") = "BookStore", "BookStore.csproj", "{1B737C20-FEC7-4246-B15B-320F0BB043BB}"
EndProject
Global
	GlobalSection(SolutionConfigurationPlatforms) = preSolution
		Debug|Any CPU = Debug|Any CPU
		Release|Any CPU = Release|Any CPU
	EndGlobalSection
	GlobalSection(ProjectConfigurationPlatforms) = postSolution
		{1B737C20-FEC7-4246-B15B-320F0BB043BB}.Debug|Any CPU.ActiveCfg = Debug|Any CPU
		{1B737C20-FEC7-4246-B15B-320F0BB043BB}.Debug|Any CPU.Build.0 = Debug|Any CPU
		{1B737C20-FEC7-4246-B15B-320F0BB043BB}.Release|Any CPU.ActiveCfg = Release|Any CPU
		{1B737C20-FEC7-4246-B15B-320F0BB043BB}.Release|Any CPU.Build.0 = Release|Any CPU
	EndGlobalSection
	GlobalSection(SolutionProperties) = preSolution
		HideSolutionNode = FALSE
	EndGlobalSection
	GlobalSection(ExtensibilityGlobals) = postSolution
		SolutionGuid = {978C2779-CCB4-4932-9ECA-7B0962997736}
	EndGlobalSection
EndGlobal
